
Microsoft Visual Studio Solution File, Format Version 12.00
# Visual Studio Version 17
VisualStudioVersion = 17.0.31912.275
MinimumVisualStudioVersion = 10.0.40219.1
Project("{9A19103F-16F7-4668-BE54-9A1E7A4F7556}") = "PollyDemonstration.Api", "PollyDemonstration.Api\PollyDemonstration.Api.csproj", "{CB1247C5-C0B7-4F0E-A682-A8EC22555658}"
EndProject
Project("{FAE04EC0-301F-11D3-BF4B-00C04F79EFBC}") = "PollyDemonstration.Application", "PollyDemonstration.Application\PollyDemonstration.Application.csproj", "{66CCF063-090B-407E-A1FF-6436F81E1A2D}"
EndProject
Global
	GlobalSection(SolutionConfigurationPlatforms) = preSolution
		Debug|Any CPU = Debug|Any CPU
		Release|Any CPU = Release|Any CPU
	EndGlobalSection
	GlobalSection(ProjectConfigurationPlatforms) = postSolution
		{CB1247C5-C0B7-4F0E-A682-A8EC22555658}.Debug|Any CPU.ActiveCfg = Debug|Any CPU
		{CB1247C5-C0B7-4F0E-A682-A8EC22555658}.Debug|Any CPU.Build.0 = Debug|Any CPU
		{CB1247C5-C0B7-4F0E-A682-A8EC22555658}.Release|Any CPU.ActiveCfg = Release|Any CPU
		{CB1247C5-C0B7-4F0E-A682-A8EC22555658}.Release|Any CPU.Build.0 = Release|Any CPU
		{66CCF063-090B-407E-A1FF-6436F81E1A2D}.Debug|Any CPU.ActiveCfg = Debug|Any CPU
		{66CCF063-090B-407E-A1FF-6436F81E1A2D}.Debug|Any CPU.Build.0 = Debug|Any CPU
		{66CCF063-090B-407E-A1FF-6436F81E1A2D}.Release|Any CPU.ActiveCfg = Release|Any CPU
		{66CCF063-090B-407E-A1FF-6436F81E1A2D}.Release|Any CPU.Build.0 = Release|Any CPU
	EndGlobalSection
	GlobalSection(SolutionProperties) = preSolution
		HideSolutionNode = FALSE
	EndGlobalSection
	GlobalSection(ExtensibilityGlobals) = postSolution
		SolutionGuid = {FF102BC0-C993-4723-B673-98A93495E5EB}
	EndGlobalSection
EndGlobal
